
Microsoft Visual Studio Solution File, Format Version 12.00
# Visual Studio Version 16
VisualStudioVersion = 16.0.29926.136
MinimumVisualStudioVersion = 10.0.40219.1
Project("{FAE04EC0-301F-11D3-BF4B-00C04F79EFBC}") = "wasiCore.Extensions", "wasiCore.Extensions\wasiCore.Extensions.csproj", "{7EB3FA4C-39CC-4A3E-B34D-4853C3E53A4B}"
EndProject
Project("{FAE04EC0-301F-11D3-BF4B-00C04F79EFBC}") = "wasiCore.Tests", "wasiCore.Tests\wasiCore.Tests.csproj", "{F82D8AD5-04DD-43C4-9540-C9AAECDF7571}"
EndProject
Global
	GlobalSection(SolutionConfigurationPlatforms) = preSolution
		Debug|Any CPU = Debug|Any CPU
		Release|Any CPU = Release|Any CPU
	EndGlobalSection
	GlobalSection(ProjectConfigurationPlatforms) = postSolution
		{7EB3FA4C-39CC-4A3E-B34D-4853C3E53A4B}.Debug|Any CPU.ActiveCfg = Debug|Any CPU
		{7EB3FA4C-39CC-4A3E-B34D-4853C3E53A4B}.Debug|Any CPU.Build.0 = Debug|Any CPU
		{7EB3FA4C-39CC-4A3E-B34D-4853C3E53A4B}.Release|Any CPU.ActiveCfg = Release|Any CPU
		{7EB3FA4C-39CC-4A3E-B34D-4853C3E53A4B}.Release|Any CPU.Build.0 = Release|Any CPU
		{F82D8AD5-04DD-43C4-9540-C9AAECDF7571}.Debug|Any CPU.ActiveCfg = Debug|Any CPU
		{F82D8AD5-04DD-43C4-9540-C9AAECDF7571}.Debug|Any CPU.Build.0 = Debug|Any CPU
		{F82D8AD5-04DD-43C4-9540-C9AAECDF7571}.Release|Any CPU.ActiveCfg = Release|Any CPU
		{F82D8AD5-04DD-43C4-9540-C9AAECDF7571}.Release|Any CPU.Build.0 = Release|Any CPU
	EndGlobalSection
	GlobalSection(SolutionProperties) = preSolution
		HideSolutionNode = FALSE
	EndGlobalSection
	GlobalSection(ExtensibilityGlobals) = postSolution
		SolutionGuid = {CBEB41E0-148D-43BA-B379-53260EB6B36B}
	EndGlobalSection
EndGlobal
